{
  "requires": true,
  "lockfileVersion": 1,
  "dependencies": {
    "lit-element": {
      "version": "2.1.0",
      "resolved": "https://registry.npmjs.org/lit-element/-/lit-element-2.1.0.tgz",
      "integrity": "sha512-0z/KHm1xZweivfOVRr8AKR06+D3k02u15m9s4jkuRdnGe5wfmEwePzrQQBsSZNILdnfJvfo3TJOeGhBCVZaPbw==",
      "requires": {
        "lit-html": "^1.0.0"
      }
    },
    "lit-html": {
      "version": "1.0.0",
      "resolved": "https://registry.npmjs.org/lit-html/-/lit-html-1.0.0.tgz",
      "integrity": "sha512-oeWlpLmBW3gFl7979Wol2LKITpmKTUFNn7PnFbh6YNynF61W74l6x5WhwItAwPRSATpexaX1egNnRzlN4GOtfQ=="
    },
    "wired-app": {
      "version": "file:../packages/wired-app",
      "requires": {
        "wired-button": "^1.0.0",
        "wired-card": "^1.0.0",
        "wired-checkbox": "^1.0.0",
        "wired-combo": "^1.0.0",
        "wired-drawer": "^1.0.0",
        "wired-fab": "^1.0.0",
        "wired-icon-button": "^1.0.0",
        "wired-input": "^1.0.0",
        "wired-item": "^1.0.0",
        "wired-lib": "^1.0.0",
        "wired-listbox": "^1.0.0",
        "wired-progress": "^1.0.0",
        "wired-radio": "^1.0.0",
        "wired-radio-group": "^1.0.0",
        "wired-slider": "^1.0.0",
        "wired-spinner": "^1.0.0",
        "wired-tabs": "^1.0.0",
        "wired-textarea": "^1.0.0",
        "wired-title": "^1.0.0",
        "wired-toggle": "^1.0.0",
        "wired-tooltip": "^1.0.0"
      }
    },
    "wired-button": {
      "version": "file:../packages/wired-button",
      "requires": {
        "wired-lib": "^1.0.0"
      }
    },
    "wired-card": {
      "version": "file:../packages/wired-card",
      "requires": {
        "wired-lib": "^1.0.0"
      }
    },
    "wired-drawer": {
      "version": "file:../packages/wired-drawer",
      "requires": {
        "@polymer/app-layout": "^3.0.2",
        "wired-card": "^1.0.0"
      }
    },
    "wired-input": {
      "version": "file:../packages/wired-input",
      "requires": {
        "wired-lib": "^1.0.0"
      }
    },
    "wired-lib": {
      "version": "file:../packages/wired-lib",
      "requires": {
        "lit-element": "^2.1.0",
        "roughjs": "^3.1.0"
      }
    },
    "wired-tabs": {
      "version": "file:../packages/wired-tabs",
      "requires": {
        "wired-card": "^1.0.0",
        "wired-item": "^1.0.0",
        "wired-lib": "^1.0.0"
      }
    },
    "wired-title": {
      "version": "file:../packages/wired-title",
      "requires": {
        "wired-lib": "^1.0.0"
      }
    }
  }
}
